
Microsoft Visual Studio Solution File, Format Version 12.00
# Visual Studio Version 16
VisualStudioVersion = 16.0.29009.5
MinimumVisualStudioVersion = 10.0.40219.1
Project("{FAE04EC0-301F-11D3-BF4B-00C04F79EFBC}") = "Casting", "Casting\Casting.csproj", "{EA09AC9C-0BC1-4471-8471-20EE254D7C60}"
EndProject
Project("{FAE04EC0-301F-11D3-BF4B-00C04F79EFBC}") = "MoreVariablesAndPrinting", "MoreVariablesAndPrinting\MoreVariablesAndPrinting.csproj", "{01BAAA3E-5406-4CDB-B03C-1C3222FBA20C}"
EndProject
Project("{FAE04EC0-301F-11D3-BF4B-00C04F79EFBC}") = "SadFor", "SadFor\SadFor.csproj", "{357F7727-F6D3-4CF3-A2BB-72AC6F6A28D0}"
EndProject
Project("{FAE04EC0-301F-11D3-BF4B-00C04F79EFBC}") = "VariablesAndNames", "VariablesAndNames\VariablesAndNames.csproj", "{38CD71E6-6995-4D0D-A781-B4202B40BFB1}"
EndProject
Project("{9A19103F-16F7-4668-BE54-9A1E7A4F7556}") = "Exercise2", "Exercise2\Exercise2.csproj", "{275028B5-FB42-49DF-B0BD-0F8819778E4C}"
EndProject
Project("{9A19103F-16F7-4668-BE54-9A1E7A4F7556}") = "Exercise3", "Exercise3\Exercise3.csproj", "{87BAFE80-C7E5-49DD-BFED-7D9A3199AD03}"
EndProject
Project("{9A19103F-16F7-4668-BE54-9A1E7A4F7556}") = "Exercise4", "Exercise4\Exercise4.csproj", "{4EA2F8DD-7BE0-4531-9F6A-808020C190BD}"
EndProject
Project("{9A19103F-16F7-4668-BE54-9A1E7A4F7556}") = "Exercise5", "Exercise5\Exercise5.csproj", "{E81A3726-9BAC-4865-B527-63BA6DB612A9}"
EndProject
Project("{9A19103F-16F7-4668-BE54-9A1E7A4F7556}") = "Exercise6", "Exercise6\Exercise6.csproj", "{B2BE616B-0E64-4B64-B86D-9AF64EE9796E}"
EndProject
Project("{9A19103F-16F7-4668-BE54-9A1E7A4F7556}") = "Exercise7", "Exercise7\Exercise7.csproj", "{8A1F7AF5-DB49-4857-98A9-4AC31C59B7D1}"
EndProject
Project("{9A19103F-16F7-4668-BE54-9A1E7A4F7556}") = "Exercise1", "Exercise1\Exercise1.csproj", "{F4337987-F521-4B42-8EDA-697EEEEDECA3}"
EndProject
Project("{9A19103F-16F7-4668-BE54-9A1E7A4F7556}") = "Exercise8", "Exercise8\Exercise8.csproj", "{7270FD21-3A2D-41BF-87AD-FCDF5DFD71B8}"
EndProject
Project("{FAE04EC0-301F-11D3-BF4B-00C04F79EFBC}") = "Exercise9", "Exercise9\Exercise9.csproj", "{BE69E7F7-1412-4472-BFFB-9CB911F4E4AD}"
EndProject
Project("{FAE04EC0-301F-11D3-BF4B-00C04F79EFBC}") = "Exercise10", "Exercise10\Exercise10.csproj", "{F6972682-CF9B-4516-BB74-0325840C80DA}"
EndProject
Global
	GlobalSection(SolutionConfigurationPlatforms) = preSolution
		Debug|Any CPU = Debug|Any CPU
		Release|Any CPU = Release|Any CPU
	EndGlobalSection
	GlobalSection(ProjectConfigurationPlatforms) = postSolution
		{EA09AC9C-0BC1-4471-8471-20EE254D7C60}.Debug|Any CPU.ActiveCfg = Debug|Any CPU
		{EA09AC9C-0BC1-4471-8471-20EE254D7C60}.Debug|Any CPU.Build.0 = Debug|Any CPU
		{EA09AC9C-0BC1-4471-8471-20EE254D7C60}.Release|Any CPU.ActiveCfg = Release|Any CPU
		{EA09AC9C-0BC1-4471-8471-20EE254D7C60}.Release|Any CPU.Build.0 = Release|Any CPU
		{01BAAA3E-5406-4CDB-B03C-1C3222FBA20C}.Debug|Any CPU.ActiveCfg = Debug|Any CPU
		{01BAAA3E-5406-4CDB-B03C-1C3222FBA20C}.Debug|Any CPU.Build.0 = Debug|Any CPU
		{01BAAA3E-5406-4CDB-B03C-1C3222FBA20C}.Release|Any CPU.ActiveCfg = Release|Any CPU
		{01BAAA3E-5406-4CDB-B03C-1C3222FBA20C}.Release|Any CPU.Build.0 = Release|Any CPU
		{357F7727-F6D3-4CF3-A2BB-72AC6F6A28D0}.Debug|Any CPU.ActiveCfg = Debug|Any CPU
		{357F7727-F6D3-4CF3-A2BB-72AC6F6A28D0}.Debug|Any CPU.Build.0 = Debug|Any CPU
		{357F7727-F6D3-4CF3-A2BB-72AC6F6A28D0}.Release|Any CPU.ActiveCfg = Release|Any CPU
		{357F7727-F6D3-4CF3-A2BB-72AC6F6A28D0}.Release|Any CPU.Build.0 = Release|Any CPU
		{38CD71E6-6995-4D0D-A781-B4202B40BFB1}.Debug|Any CPU.ActiveCfg = Debug|Any CPU
		{38CD71E6-6995-4D0D-A781-B4202B40BFB1}.Debug|Any CPU.Build.0 = Debug|Any CPU
		{38CD71E6-6995-4D0D-A781-B4202B40BFB1}.Release|Any CPU.ActiveCfg = Release|Any CPU
		{38CD71E6-6995-4D0D-A781-B4202B40BFB1}.Release|Any CPU.Build.0 = Release|Any CPU
		{275028B5-FB42-49DF-B0BD-0F8819778E4C}.Debug|Any CPU.ActiveCfg = Debug|Any CPU
		{275028B5-FB42-49DF-B0BD-0F8819778E4C}.Debug|Any CPU.Build.0 = Debug|Any CPU
		{275028B5-FB42-49DF-B0BD-0F8819778E4C}.Release|Any CPU.ActiveCfg = Release|Any CPU
		{275028B5-FB42-49DF-B0BD-0F8819778E4C}.Release|Any CPU.Build.0 = Release|Any CPU
		{87BAFE80-C7E5-49DD-BFED-7D9A3199AD03}.Debug|Any CPU.ActiveCfg = Debug|Any CPU
		{87BAFE80-C7E5-49DD-BFED-7D9A3199AD03}.Debug|Any CPU.Build.0 = Debug|Any CPU
		{87BAFE80-C7E5-49DD-BFED-7D9A3199AD03}.Release|Any CPU.ActiveCfg = Release|Any CPU
		{87BAFE80-C7E5-49DD-BFED-7D9A3199AD03}.Release|Any CPU.Build.0 = Release|Any CPU
		{4EA2F8DD-7BE0-4531-9F6A-808020C190BD}.Debug|Any CPU.ActiveCfg = Debug|Any CPU
		{4EA2F8DD-7BE0-4531-9F6A-808020C190BD}.Debug|Any CPU.Build.0 = Debug|Any CPU
		{4EA2F8DD-7BE0-4531-9F6A-808020C190BD}.Release|Any CPU.ActiveCfg = Release|Any CPU
		{4EA2F8DD-7BE0-4531-9F6A-808020C190BD}.Release|Any CPU.Build.0 = Release|Any CPU
		{E81A3726-9BAC-4865-B527-63BA6DB612A9}.Debug|Any CPU.ActiveCfg = Debug|Any CPU
		{E81A3726-9BAC-4865-B527-63BA6DB612A9}.Debug|Any CPU.Build.0 = Debug|Any CPU
		{E81A3726-9BAC-4865-B527-63BA6DB612A9}.Release|Any CPU.ActiveCfg = Release|Any CPU
		{E81A3726-9BAC-4865-B527-63BA6DB612A9}.Release|Any CPU.Build.0 = Release|Any CPU
		{B2BE616B-0E64-4B64-B86D-9AF64EE9796E}.Debug|Any CPU.ActiveCfg = Debug|Any CPU
		{B2BE616B-0E64-4B64-B86D-9AF64EE9796E}.Debug|Any CPU.Build.0 = Debug|Any CPU
		{B2BE616B-0E64-4B64-B86D-9AF64EE9796E}.Release|Any CPU.ActiveCfg = Release|Any CPU
		{B2BE616B-0E64-4B64-B86D-9AF64EE9796E}.Release|Any CPU.Build.0 = Release|Any CPU
		{8A1F7AF5-DB49-4857-98A9-4AC31C59B7D1}.Debug|Any CPU.ActiveCfg = Debug|Any CPU
		{8A1F7AF5-DB49-4857-98A9-4AC31C59B7D1}.Debug|Any CPU.Build.0 = Debug|Any CPU
		{8A1F7AF5-DB49-4857-98A9-4AC31C59B7D1}.Release|Any CPU.ActiveCfg = Release|Any CPU
		{8A1F7AF5-DB49-4857-98A9-4AC31C59B7D1}.Release|Any CPU.Build.0 = Release|Any CPU
		{F4337987-F521-4B42-8EDA-697EEEEDECA3}.Debug|Any CPU.ActiveCfg = Debug|Any CPU
		{F4337987-F521-4B42-8EDA-697EEEEDECA3}.Debug|Any CPU.Build.0 = Debug|Any CPU
		{F4337987-F521-4B42-8EDA-697EEEEDECA3}.Release|Any CPU.ActiveCfg = Release|Any CPU
		{F4337987-F521-4B42-8EDA-697EEEEDECA3}.Release|Any CPU.Build.0 = Release|Any CPU
		{7270FD21-3A2D-41BF-87AD-FCDF5DFD71B8}.Debug|Any CPU.ActiveCfg = Debug|Any CPU
		{7270FD21-3A2D-41BF-87AD-FCDF5DFD71B8}.Debug|Any CPU.Build.0 = Debug|Any CPU
		{7270FD21-3A2D-41BF-87AD-FCDF5DFD71B8}.Release|Any CPU.ActiveCfg = Release|Any CPU
		{7270FD21-3A2D-41BF-87AD-FCDF5DFD71B8}.Release|Any CPU.Build.0 = Release|Any CPU
		{BE69E7F7-1412-4472-BFFB-9CB911F4E4AD}.Debug|Any CPU.ActiveCfg = Debug|Any CPU
		{BE69E7F7-1412-4472-BFFB-9CB911F4E4AD}.Debug|Any CPU.Build.0 = Debug|Any CPU
		{BE69E7F7-1412-4472-BFFB-9CB911F4E4AD}.Release|Any CPU.ActiveCfg = Release|Any CPU
		{BE69E7F7-1412-4472-BFFB-9CB911F4E4AD}.Release|Any CPU.Build.0 = Release|Any CPU
		{F6972682-CF9B-4516-BB74-0325840C80DA}.Debug|Any CPU.ActiveCfg = Debug|Any CPU
		{F6972682-CF9B-4516-BB74-0325840C80DA}.Debug|Any CPU.Build.0 = Debug|Any CPU
		{F6972682-CF9B-4516-BB74-0325840C80DA}.Release|Any CPU.ActiveCfg = Release|Any CPU
		{F6972682-CF9B-4516-BB74-0325840C80DA}.Release|Any CPU.Build.0 = Release|Any CPU
	EndGlobalSection
	GlobalSection(SolutionProperties) = preSolution
		HideSolutionNode = FALSE
	EndGlobalSection
	GlobalSection(ExtensibilityGlobals) = postSolution
		SolutionGuid = {2843F384-9F8E-4D08-934F-B863FC7F989B}
	EndGlobalSection
EndGlobal
