
Microsoft Visual Studio Solution File, Format Version 12.00
# Visual Studio Version 16
VisualStudioVersion = 16.0.31613.86
MinimumVisualStudioVersion = 10.0.40219.1
Project("{9A19103F-16F7-4668-BE54-9A1E7A4F7556}") = "Arrays6", "..\Arrays\Arrays\Exercise6\Arrays6.csproj", "{6A5CEE09-93EF-4C3F-9954-CF2948982DC8}"
EndProject
Project("{9A19103F-16F7-4668-BE54-9A1E7A4F7556}") = "Arithmetics1", "..\Arithmetic\Exercise1\Arithmetics1.csproj", "{31458FB8-2A36-4BD1-83AB-6A45F4E06DEC}"
EndProject
Project("{9A19103F-16F7-4668-BE54-9A1E7A4F7556}") = "Arithmetics2", "..\Arithmetic\Exercise2\Arithmetics2.csproj", "{E7553D3E-B571-43D3-B13E-9716FF609B7F}"
EndProject
Project("{9A19103F-16F7-4668-BE54-9A1E7A4F7556}") = "Arithmetics6", "..\Arithmetic\Exercise6\Arithmetics6.csproj", "{E090D8B2-BCAA-464C-B49C-5636258DB2EC}"
EndProject
Project("{9A19103F-16F7-4668-BE54-9A1E7A4F7556}") = "Arithmetics7", "..\Arithmetic\Exercise7\Arithmetics7.csproj", "{C0321088-C51B-468C-840C-DB9FA50E2AC5}"
EndProject
Project("{9A19103F-16F7-4668-BE54-9A1E7A4F7556}") = "Arithmetics8", "..\Arithmetic\Exercise8\Arithmetics8.csproj", "{2A3DC212-DADC-4729-83F4-AED411BCA81B}"
EndProject
Project("{9A19103F-16F7-4668-BE54-9A1E7A4F7556}") = "Arithmetics10", "..\Arithmetic\Exercise10\Arithmetics10.csproj", "{A4E8B46A-28DB-47BC-BD1C-9FDA3D95894F}"
EndProject
Project("{FAE04EC0-301F-11D3-BF4B-00C04F79EFBC}") = "WordCount", "..\Collections\WordCount\WordCount.csproj", "{CC44658B-6A21-41E5-89AB-3372C1B0F257}"
EndProject
Project("{FAE04EC0-301F-11D3-BF4B-00C04F79EFBC}") = "FlightPlanner", "..\Collections\FlightPlanner\FlightPlanner.csproj", "{7617A60C-18A2-4FF5-9191-7137C7C2E8DA}"
EndProject
Project("{FAE04EC0-301F-11D3-BF4B-00C04F79EFBC}") = "PhoneBook", "..\Collections\Phonebook\PhoneBook.csproj", "{14C4C283-8C7A-4DB0-91BD-1DF9FD882E3A}"
EndProject
Project("{9A19103F-16F7-4668-BE54-9A1E7A4F7556}") = "DragRace", "..\Polymorphism\DragRace\DragRace.csproj", "{AFF8F1E7-D75D-4143-8D7A-765642899265}"
EndProject
Project("{9A19103F-16F7-4668-BE54-9A1E7A4F7556}") = "ClassesAndObjects5", "ClassesAndObjects5\ClassesAndObjects5.csproj", "{2BADA8D8-176B-49A5-A764-84276DEE53A7}"
EndProject
Project("{9A19103F-16F7-4668-BE54-9A1E7A4F7556}") = "ClassesAndObjects1", "ClassesAndObjects1\ClassesAndObjects1.csproj", "{29A06B25-DB6B-4AC4-B2D7-6DA319848278}"
EndProject
Project("{9A19103F-16F7-4668-BE54-9A1E7A4F7556}") = "ClassesAndObjects12", "ClassesAndObjects12\ClassesAndObjects12.csproj", "{0D0F7300-E85F-4914-BFEE-30618CDC7958}"
EndProject
Project("{9A19103F-16F7-4668-BE54-9A1E7A4F7556}") = "Arithmetics1Tests", "Arithmetics1Tests\Arithmetics1Tests.csproj", "{965C0A08-F7EB-4495-A710-764D3BB101EB}"
EndProject
Project("{9A19103F-16F7-4668-BE54-9A1E7A4F7556}") = "Arithmetics2Tests", "Arithmetics2Tests\Arithmetics2Tests.csproj", "{3908130A-70FD-4B39-813D-CF9DF1A26FC0}"
EndProject
Project("{9A19103F-16F7-4668-BE54-9A1E7A4F7556}") = "Arithmetics6Tests", "Arithmetics6Tests\Arithmetics6Tests.csproj", "{DF56D406-D835-433A-9A79-BA4E82A6A685}"
EndProject
Project("{9A19103F-16F7-4668-BE54-9A1E7A4F7556}") = "Arithmetics7Tests", "Arithmetics7Tests\Arithmetics7Tests.csproj", "{7AC7217E-144F-4029-805F-DC584E49778C}"
EndProject
Project("{9A19103F-16F7-4668-BE54-9A1E7A4F7556}") = "Arithmetics8Tests", "Arithmetics8Tests\Arithmetics8Tests.csproj", "{9904A500-CA41-48E5-A1B7-5A6A86A00BC3}"
EndProject
Project("{9A19103F-16F7-4668-BE54-9A1E7A4F7556}") = "Arithmetics10Tests", "Arithmetics10Tests\Arithmetics10Tests.csproj", "{2225F96A-1F1B-4C36-8734-D1CFCCE6CDA1}"
EndProject
Project("{9A19103F-16F7-4668-BE54-9A1E7A4F7556}") = "Arrays6Tests", "Array6Tests\Arrays6Tests.csproj", "{51CA8DF3-B03C-4D7B-8365-8E35D3E12548}"
EndProject
Project("{9A19103F-16F7-4668-BE54-9A1E7A4F7556}") = "FlightPlannerTests", "FlightPlannerTests\FlightPlannerTests.csproj", "{B3BBAE0F-201A-474D-9199-15E48F5D243C}"
EndProject
Project("{9A19103F-16F7-4668-BE54-9A1E7A4F7556}") = "WordCountTests", "WordCountTests\WordCountTests.csproj", "{EC83FDB9-CD35-4305-9E53-FEF1672B8BDA}"
EndProject
Project("{9A19103F-16F7-4668-BE54-9A1E7A4F7556}") = "ClassesAndObjects1Tests", "ClassesAndObjects1Tests\ClassesAndObjects1Tests.csproj", "{4F44FFF1-DB1D-41FE-A639-3D3854984C41}"
EndProject
Project("{9A19103F-16F7-4668-BE54-9A1E7A4F7556}") = "ClassesAndObjects12Tests", "ClassesAndObjects12Tests\ClassesAndObjects12Tests.csproj", "{4B25F781-E641-4336-B58D-872C405D6D72}"
EndProject
Project("{9A19103F-16F7-4668-BE54-9A1E7A4F7556}") = "ClassesAndObjects5Tests", "ClassesAndObjects5Tests\ClassesAndObjects5Tests.csproj", "{1F540F3F-5B1B-4A24-83F9-50A38A5B1451}"
EndProject
Project("{FAE04EC0-301F-11D3-BF4B-00C04F79EFBC}") = "DragRaceTests", "DragRaceTests\DragRaceTests.csproj", "{EB02C97F-92E8-438C-AA54-A2C487AF07AD}"
EndProject
Global
	GlobalSection(SolutionConfigurationPlatforms) = preSolution
		Debug|Any CPU = Debug|Any CPU
		Debug|x64 = Debug|x64
		Release|Any CPU = Release|Any CPU
		Release|x64 = Release|x64
	EndGlobalSection
	GlobalSection(ProjectConfigurationPlatforms) = postSolution
		{6A5CEE09-93EF-4C3F-9954-CF2948982DC8}.Debug|Any CPU.ActiveCfg = Debug|Any CPU
		{6A5CEE09-93EF-4C3F-9954-CF2948982DC8}.Debug|Any CPU.Build.0 = Debug|Any CPU
		{6A5CEE09-93EF-4C3F-9954-CF2948982DC8}.Debug|x64.ActiveCfg = Debug|Any CPU
		{6A5CEE09-93EF-4C3F-9954-CF2948982DC8}.Debug|x64.Build.0 = Debug|Any CPU
		{6A5CEE09-93EF-4C3F-9954-CF2948982DC8}.Release|Any CPU.ActiveCfg = Release|Any CPU
		{6A5CEE09-93EF-4C3F-9954-CF2948982DC8}.Release|Any CPU.Build.0 = Release|Any CPU
		{6A5CEE09-93EF-4C3F-9954-CF2948982DC8}.Release|x64.ActiveCfg = Release|Any CPU
		{6A5CEE09-93EF-4C3F-9954-CF2948982DC8}.Release|x64.Build.0 = Release|Any CPU
		{31458FB8-2A36-4BD1-83AB-6A45F4E06DEC}.Debug|Any CPU.ActiveCfg = Debug|Any CPU
		{31458FB8-2A36-4BD1-83AB-6A45F4E06DEC}.Debug|Any CPU.Build.0 = Debug|Any CPU
		{31458FB8-2A36-4BD1-83AB-6A45F4E06DEC}.Debug|x64.ActiveCfg = Debug|Any CPU
		{31458FB8-2A36-4BD1-83AB-6A45F4E06DEC}.Debug|x64.Build.0 = Debug|Any CPU
		{31458FB8-2A36-4BD1-83AB-6A45F4E06DEC}.Release|Any CPU.ActiveCfg = Release|Any CPU
		{31458FB8-2A36-4BD1-83AB-6A45F4E06DEC}.Release|Any CPU.Build.0 = Release|Any CPU
		{31458FB8-2A36-4BD1-83AB-6A45F4E06DEC}.Release|x64.ActiveCfg = Release|Any CPU
		{31458FB8-2A36-4BD1-83AB-6A45F4E06DEC}.Release|x64.Build.0 = Release|Any CPU
		{E7553D3E-B571-43D3-B13E-9716FF609B7F}.Debug|Any CPU.ActiveCfg = Debug|Any CPU
		{E7553D3E-B571-43D3-B13E-9716FF609B7F}.Debug|Any CPU.Build.0 = Debug|Any CPU
		{E7553D3E-B571-43D3-B13E-9716FF609B7F}.Debug|x64.ActiveCfg = Debug|Any CPU
		{E7553D3E-B571-43D3-B13E-9716FF609B7F}.Debug|x64.Build.0 = Debug|Any CPU
		{E7553D3E-B571-43D3-B13E-9716FF609B7F}.Release|Any CPU.ActiveCfg = Release|Any CPU
		{E7553D3E-B571-43D3-B13E-9716FF609B7F}.Release|Any CPU.Build.0 = Release|Any CPU
		{E7553D3E-B571-43D3-B13E-9716FF609B7F}.Release|x64.ActiveCfg = Release|Any CPU
		{E7553D3E-B571-43D3-B13E-9716FF609B7F}.Release|x64.Build.0 = Release|Any CPU
		{E090D8B2-BCAA-464C-B49C-5636258DB2EC}.Debug|Any CPU.ActiveCfg = Debug|Any CPU
		{E090D8B2-BCAA-464C-B49C-5636258DB2EC}.Debug|Any CPU.Build.0 = Debug|Any CPU
		{E090D8B2-BCAA-464C-B49C-5636258DB2EC}.Debug|x64.ActiveCfg = Debug|Any CPU
		{E090D8B2-BCAA-464C-B49C-5636258DB2EC}.Debug|x64.Build.0 = Debug|Any CPU
		{E090D8B2-BCAA-464C-B49C-5636258DB2EC}.Release|Any CPU.ActiveCfg = Release|Any CPU
		{E090D8B2-BCAA-464C-B49C-5636258DB2EC}.Release|Any CPU.Build.0 = Release|Any CPU
		{E090D8B2-BCAA-464C-B49C-5636258DB2EC}.Release|x64.ActiveCfg = Release|Any CPU
		{E090D8B2-BCAA-464C-B49C-5636258DB2EC}.Release|x64.Build.0 = Release|Any CPU
		{C0321088-C51B-468C-840C-DB9FA50E2AC5}.Debug|Any CPU.ActiveCfg = Debug|Any CPU
		{C0321088-C51B-468C-840C-DB9FA50E2AC5}.Debug|Any CPU.Build.0 = Debug|Any CPU
		{C0321088-C51B-468C-840C-DB9FA50E2AC5}.Debug|x64.ActiveCfg = Debug|Any CPU
		{C0321088-C51B-468C-840C-DB9FA50E2AC5}.Debug|x64.Build.0 = Debug|Any CPU
		{C0321088-C51B-468C-840C-DB9FA50E2AC5}.Release|Any CPU.ActiveCfg = Release|Any CPU
		{C0321088-C51B-468C-840C-DB9FA50E2AC5}.Release|Any CPU.Build.0 = Release|Any CPU
		{C0321088-C51B-468C-840C-DB9FA50E2AC5}.Release|x64.ActiveCfg = Release|Any CPU
		{C0321088-C51B-468C-840C-DB9FA50E2AC5}.Release|x64.Build.0 = Release|Any CPU
		{2A3DC212-DADC-4729-83F4-AED411BCA81B}.Debug|Any CPU.ActiveCfg = Debug|Any CPU
		{2A3DC212-DADC-4729-83F4-AED411BCA81B}.Debug|Any CPU.Build.0 = Debug|Any CPU
		{2A3DC212-DADC-4729-83F4-AED411BCA81B}.Debug|x64.ActiveCfg = Debug|Any CPU
		{2A3DC212-DADC-4729-83F4-AED411BCA81B}.Debug|x64.Build.0 = Debug|Any CPU
		{2A3DC212-DADC-4729-83F4-AED411BCA81B}.Release|Any CPU.ActiveCfg = Release|Any CPU
		{2A3DC212-DADC-4729-83F4-AED411BCA81B}.Release|Any CPU.Build.0 = Release|Any CPU
		{2A3DC212-DADC-4729-83F4-AED411BCA81B}.Release|x64.ActiveCfg = Release|Any CPU
		{2A3DC212-DADC-4729-83F4-AED411BCA81B}.Release|x64.Build.0 = Release|Any CPU
		{A4E8B46A-28DB-47BC-BD1C-9FDA3D95894F}.Debug|Any CPU.ActiveCfg = Debug|Any CPU
		{A4E8B46A-28DB-47BC-BD1C-9FDA3D95894F}.Debug|Any CPU.Build.0 = Debug|Any CPU
		{A4E8B46A-28DB-47BC-BD1C-9FDA3D95894F}.Debug|x64.ActiveCfg = Debug|Any CPU
		{A4E8B46A-28DB-47BC-BD1C-9FDA3D95894F}.Debug|x64.Build.0 = Debug|Any CPU
		{A4E8B46A-28DB-47BC-BD1C-9FDA3D95894F}.Release|Any CPU.ActiveCfg = Release|Any CPU
		{A4E8B46A-28DB-47BC-BD1C-9FDA3D95894F}.Release|Any CPU.Build.0 = Release|Any CPU
		{A4E8B46A-28DB-47BC-BD1C-9FDA3D95894F}.Release|x64.ActiveCfg = Release|Any CPU
		{A4E8B46A-28DB-47BC-BD1C-9FDA3D95894F}.Release|x64.Build.0 = Release|Any CPU
		{CC44658B-6A21-41E5-89AB-3372C1B0F257}.Debug|Any CPU.ActiveCfg = Debug|Any CPU
		{CC44658B-6A21-41E5-89AB-3372C1B0F257}.Debug|Any CPU.Build.0 = Debug|Any CPU
		{CC44658B-6A21-41E5-89AB-3372C1B0F257}.Debug|x64.ActiveCfg = Debug|Any CPU
		{CC44658B-6A21-41E5-89AB-3372C1B0F257}.Debug|x64.Build.0 = Debug|Any CPU
		{CC44658B-6A21-41E5-89AB-3372C1B0F257}.Release|Any CPU.ActiveCfg = Release|Any CPU
		{CC44658B-6A21-41E5-89AB-3372C1B0F257}.Release|Any CPU.Build.0 = Release|Any CPU
		{CC44658B-6A21-41E5-89AB-3372C1B0F257}.Release|x64.ActiveCfg = Release|Any CPU
		{CC44658B-6A21-41E5-89AB-3372C1B0F257}.Release|x64.Build.0 = Release|Any CPU
		{7617A60C-18A2-4FF5-9191-7137C7C2E8DA}.Debug|Any CPU.ActiveCfg = Debug|Any CPU
		{7617A60C-18A2-4FF5-9191-7137C7C2E8DA}.Debug|Any CPU.Build.0 = Debug|Any CPU
		{7617A60C-18A2-4FF5-9191-7137C7C2E8DA}.Debug|x64.ActiveCfg = Debug|Any CPU
		{7617A60C-18A2-4FF5-9191-7137C7C2E8DA}.Debug|x64.Build.0 = Debug|Any CPU
		{7617A60C-18A2-4FF5-9191-7137C7C2E8DA}.Release|Any CPU.ActiveCfg = Release|Any CPU
		{7617A60C-18A2-4FF5-9191-7137C7C2E8DA}.Release|Any CPU.Build.0 = Release|Any CPU
		{7617A60C-18A2-4FF5-9191-7137C7C2E8DA}.Release|x64.ActiveCfg = Release|Any CPU
		{7617A60C-18A2-4FF5-9191-7137C7C2E8DA}.Release|x64.Build.0 = Release|Any CPU
		{14C4C283-8C7A-4DB0-91BD-1DF9FD882E3A}.Debug|Any CPU.ActiveCfg = Debug|Any CPU
		{14C4C283-8C7A-4DB0-91BD-1DF9FD882E3A}.Debug|Any CPU.Build.0 = Debug|Any CPU
		{14C4C283-8C7A-4DB0-91BD-1DF9FD882E3A}.Debug|x64.ActiveCfg = Debug|Any CPU
		{14C4C283-8C7A-4DB0-91BD-1DF9FD882E3A}.Debug|x64.Build.0 = Debug|Any CPU
		{14C4C283-8C7A-4DB0-91BD-1DF9FD882E3A}.Release|Any CPU.ActiveCfg = Release|Any CPU
		{14C4C283-8C7A-4DB0-91BD-1DF9FD882E3A}.Release|Any CPU.Build.0 = Release|Any CPU
		{14C4C283-8C7A-4DB0-91BD-1DF9FD882E3A}.Release|x64.ActiveCfg = Release|Any CPU
		{14C4C283-8C7A-4DB0-91BD-1DF9FD882E3A}.Release|x64.Build.0 = Release|Any CPU
		{AFF8F1E7-D75D-4143-8D7A-765642899265}.Debug|Any CPU.ActiveCfg = Debug|Any CPU
		{AFF8F1E7-D75D-4143-8D7A-765642899265}.Debug|Any CPU.Build.0 = Debug|Any CPU
		{AFF8F1E7-D75D-4143-8D7A-765642899265}.Debug|x64.ActiveCfg = Debug|Any CPU
		{AFF8F1E7-D75D-4143-8D7A-765642899265}.Debug|x64.Build.0 = Debug|Any CPU
		{AFF8F1E7-D75D-4143-8D7A-765642899265}.Release|Any CPU.ActiveCfg = Release|Any CPU
		{AFF8F1E7-D75D-4143-8D7A-765642899265}.Release|Any CPU.Build.0 = Release|Any CPU
		{AFF8F1E7-D75D-4143-8D7A-765642899265}.Release|x64.ActiveCfg = Release|Any CPU
		{AFF8F1E7-D75D-4143-8D7A-765642899265}.Release|x64.Build.0 = Release|Any CPU
		{2BADA8D8-176B-49A5-A764-84276DEE53A7}.Debug|Any CPU.ActiveCfg = Debug|Any CPU
		{2BADA8D8-176B-49A5-A764-84276DEE53A7}.Debug|Any CPU.Build.0 = Debug|Any CPU
		{2BADA8D8-176B-49A5-A764-84276DEE53A7}.Debug|x64.ActiveCfg = Debug|Any CPU
		{2BADA8D8-176B-49A5-A764-84276DEE53A7}.Debug|x64.Build.0 = Debug|Any CPU
		{2BADA8D8-176B-49A5-A764-84276DEE53A7}.Release|Any CPU.ActiveCfg = Release|Any CPU
		{2BADA8D8-176B-49A5-A764-84276DEE53A7}.Release|Any CPU.Build.0 = Release|Any CPU
		{2BADA8D8-176B-49A5-A764-84276DEE53A7}.Release|x64.ActiveCfg = Release|Any CPU
		{2BADA8D8-176B-49A5-A764-84276DEE53A7}.Release|x64.Build.0 = Release|Any CPU
		{29A06B25-DB6B-4AC4-B2D7-6DA319848278}.Debug|Any CPU.ActiveCfg = Debug|Any CPU
		{29A06B25-DB6B-4AC4-B2D7-6DA319848278}.Debug|Any CPU.Build.0 = Debug|Any CPU
		{29A06B25-DB6B-4AC4-B2D7-6DA319848278}.Debug|x64.ActiveCfg = Debug|Any CPU
		{29A06B25-DB6B-4AC4-B2D7-6DA319848278}.Debug|x64.Build.0 = Debug|Any CPU
		{29A06B25-DB6B-4AC4-B2D7-6DA319848278}.Release|Any CPU.ActiveCfg = Release|Any CPU
		{29A06B25-DB6B-4AC4-B2D7-6DA319848278}.Release|Any CPU.Build.0 = Release|Any CPU
		{29A06B25-DB6B-4AC4-B2D7-6DA319848278}.Release|x64.ActiveCfg = Release|Any CPU
		{29A06B25-DB6B-4AC4-B2D7-6DA319848278}.Release|x64.Build.0 = Release|Any CPU
		{0D0F7300-E85F-4914-BFEE-30618CDC7958}.Debug|Any CPU.ActiveCfg = Debug|Any CPU
		{0D0F7300-E85F-4914-BFEE-30618CDC7958}.Debug|Any CPU.Build.0 = Debug|Any CPU
		{0D0F7300-E85F-4914-BFEE-30618CDC7958}.Debug|x64.ActiveCfg = Debug|Any CPU
		{0D0F7300-E85F-4914-BFEE-30618CDC7958}.Debug|x64.Build.0 = Debug|Any CPU
		{0D0F7300-E85F-4914-BFEE-30618CDC7958}.Release|Any CPU.ActiveCfg = Release|Any CPU
		{0D0F7300-E85F-4914-BFEE-30618CDC7958}.Release|Any CPU.Build.0 = Release|Any CPU
		{0D0F7300-E85F-4914-BFEE-30618CDC7958}.Release|x64.ActiveCfg = Release|Any CPU
		{0D0F7300-E85F-4914-BFEE-30618CDC7958}.Release|x64.Build.0 = Release|Any CPU
		{965C0A08-F7EB-4495-A710-764D3BB101EB}.Debug|Any CPU.ActiveCfg = Debug|Any CPU
		{965C0A08-F7EB-4495-A710-764D3BB101EB}.Debug|Any CPU.Build.0 = Debug|Any CPU
		{965C0A08-F7EB-4495-A710-764D3BB101EB}.Debug|x64.ActiveCfg = Debug|Any CPU
		{965C0A08-F7EB-4495-A710-764D3BB101EB}.Debug|x64.Build.0 = Debug|Any CPU
		{965C0A08-F7EB-4495-A710-764D3BB101EB}.Release|Any CPU.ActiveCfg = Release|Any CPU
		{965C0A08-F7EB-4495-A710-764D3BB101EB}.Release|Any CPU.Build.0 = Release|Any CPU
		{965C0A08-F7EB-4495-A710-764D3BB101EB}.Release|x64.ActiveCfg = Release|Any CPU
		{965C0A08-F7EB-4495-A710-764D3BB101EB}.Release|x64.Build.0 = Release|Any CPU
		{3908130A-70FD-4B39-813D-CF9DF1A26FC0}.Debug|Any CPU.ActiveCfg = Debug|Any CPU
		{3908130A-70FD-4B39-813D-CF9DF1A26FC0}.Debug|Any CPU.Build.0 = Debug|Any CPU
		{3908130A-70FD-4B39-813D-CF9DF1A26FC0}.Debug|x64.ActiveCfg = Debug|Any CPU
		{3908130A-70FD-4B39-813D-CF9DF1A26FC0}.Debug|x64.Build.0 = Debug|Any CPU
		{3908130A-70FD-4B39-813D-CF9DF1A26FC0}.Release|Any CPU.ActiveCfg = Release|Any CPU
		{3908130A-70FD-4B39-813D-CF9DF1A26FC0}.Release|Any CPU.Build.0 = Release|Any CPU
		{3908130A-70FD-4B39-813D-CF9DF1A26FC0}.Release|x64.ActiveCfg = Release|Any CPU
		{3908130A-70FD-4B39-813D-CF9DF1A26FC0}.Release|x64.Build.0 = Release|Any CPU
		{DF56D406-D835-433A-9A79-BA4E82A6A685}.Debug|Any CPU.ActiveCfg = Debug|Any CPU
		{DF56D406-D835-433A-9A79-BA4E82A6A685}.Debug|Any CPU.Build.0 = Debug|Any CPU
		{DF56D406-D835-433A-9A79-BA4E82A6A685}.Debug|x64.ActiveCfg = Debug|Any CPU
		{DF56D406-D835-433A-9A79-BA4E82A6A685}.Debug|x64.Build.0 = Debug|Any CPU
		{DF56D406-D835-433A-9A79-BA4E82A6A685}.Release|Any CPU.ActiveCfg = Release|Any CPU
		{DF56D406-D835-433A-9A79-BA4E82A6A685}.Release|Any CPU.Build.0 = Release|Any CPU
		{DF56D406-D835-433A-9A79-BA4E82A6A685}.Release|x64.ActiveCfg = Release|Any CPU
		{DF56D406-D835-433A-9A79-BA4E82A6A685}.Release|x64.Build.0 = Release|Any CPU
		{7AC7217E-144F-4029-805F-DC584E49778C}.Debug|Any CPU.ActiveCfg = Debug|Any CPU
		{7AC7217E-144F-4029-805F-DC584E49778C}.Debug|Any CPU.Build.0 = Debug|Any CPU
		{7AC7217E-144F-4029-805F-DC584E49778C}.Debug|x64.ActiveCfg = Debug|Any CPU
		{7AC7217E-144F-4029-805F-DC584E49778C}.Debug|x64.Build.0 = Debug|Any CPU
		{7AC7217E-144F-4029-805F-DC584E49778C}.Release|Any CPU.ActiveCfg = Release|Any CPU
		{7AC7217E-144F-4029-805F-DC584E49778C}.Release|Any CPU.Build.0 = Release|Any CPU
		{7AC7217E-144F-4029-805F-DC584E49778C}.Release|x64.ActiveCfg = Release|Any CPU
		{7AC7217E-144F-4029-805F-DC584E49778C}.Release|x64.Build.0 = Release|Any CPU
		{9904A500-CA41-48E5-A1B7-5A6A86A00BC3}.Debug|Any CPU.ActiveCfg = Debug|Any CPU
		{9904A500-CA41-48E5-A1B7-5A6A86A00BC3}.Debug|Any CPU.Build.0 = Debug|Any CPU
		{9904A500-CA41-48E5-A1B7-5A6A86A00BC3}.Debug|x64.ActiveCfg = Debug|Any CPU
		{9904A500-CA41-48E5-A1B7-5A6A86A00BC3}.Debug|x64.Build.0 = Debug|Any CPU
		{9904A500-CA41-48E5-A1B7-5A6A86A00BC3}.Release|Any CPU.ActiveCfg = Release|Any CPU
		{9904A500-CA41-48E5-A1B7-5A6A86A00BC3}.Release|Any CPU.Build.0 = Release|Any CPU
		{9904A500-CA41-48E5-A1B7-5A6A86A00BC3}.Release|x64.ActiveCfg = Release|Any CPU
		{9904A500-CA41-48E5-A1B7-5A6A86A00BC3}.Release|x64.Build.0 = Release|Any CPU
		{2225F96A-1F1B-4C36-8734-D1CFCCE6CDA1}.Debug|Any CPU.ActiveCfg = Debug|Any CPU
		{2225F96A-1F1B-4C36-8734-D1CFCCE6CDA1}.Debug|Any CPU.Build.0 = Debug|Any CPU
		{2225F96A-1F1B-4C36-8734-D1CFCCE6CDA1}.Debug|x64.ActiveCfg = Debug|Any CPU
		{2225F96A-1F1B-4C36-8734-D1CFCCE6CDA1}.Debug|x64.Build.0 = Debug|Any CPU
		{2225F96A-1F1B-4C36-8734-D1CFCCE6CDA1}.Release|Any CPU.ActiveCfg = Release|Any CPU
		{2225F96A-1F1B-4C36-8734-D1CFCCE6CDA1}.Release|Any CPU.Build.0 = Release|Any CPU
		{2225F96A-1F1B-4C36-8734-D1CFCCE6CDA1}.Release|x64.ActiveCfg = Release|Any CPU
		{2225F96A-1F1B-4C36-8734-D1CFCCE6CDA1}.Release|x64.Build.0 = Release|Any CPU
		{51CA8DF3-B03C-4D7B-8365-8E35D3E12548}.Debug|Any CPU.ActiveCfg = Debug|Any CPU
		{51CA8DF3-B03C-4D7B-8365-8E35D3E12548}.Debug|Any CPU.Build.0 = Debug|Any CPU
		{51CA8DF3-B03C-4D7B-8365-8E35D3E12548}.Debug|x64.ActiveCfg = Debug|Any CPU
		{51CA8DF3-B03C-4D7B-8365-8E35D3E12548}.Debug|x64.Build.0 = Debug|Any CPU
		{51CA8DF3-B03C-4D7B-8365-8E35D3E12548}.Release|Any CPU.ActiveCfg = Release|Any CPU
		{51CA8DF3-B03C-4D7B-8365-8E35D3E12548}.Release|Any CPU.Build.0 = Release|Any CPU
		{51CA8DF3-B03C-4D7B-8365-8E35D3E12548}.Release|x64.ActiveCfg = Release|Any CPU
		{51CA8DF3-B03C-4D7B-8365-8E35D3E12548}.Release|x64.Build.0 = Release|Any CPU
		{B3BBAE0F-201A-474D-9199-15E48F5D243C}.Debug|Any CPU.ActiveCfg = Debug|Any CPU
		{B3BBAE0F-201A-474D-9199-15E48F5D243C}.Debug|Any CPU.Build.0 = Debug|Any CPU
		{B3BBAE0F-201A-474D-9199-15E48F5D243C}.Debug|x64.ActiveCfg = Debug|Any CPU
		{B3BBAE0F-201A-474D-9199-15E48F5D243C}.Debug|x64.Build.0 = Debug|Any CPU
		{B3BBAE0F-201A-474D-9199-15E48F5D243C}.Release|Any CPU.ActiveCfg = Release|Any CPU
		{B3BBAE0F-201A-474D-9199-15E48F5D243C}.Release|Any CPU.Build.0 = Release|Any CPU
		{B3BBAE0F-201A-474D-9199-15E48F5D243C}.Release|x64.ActiveCfg = Release|Any CPU
		{B3BBAE0F-201A-474D-9199-15E48F5D243C}.Release|x64.Build.0 = Release|Any CPU
		{EC83FDB9-CD35-4305-9E53-FEF1672B8BDA}.Debug|Any CPU.ActiveCfg = Debug|Any CPU
		{EC83FDB9-CD35-4305-9E53-FEF1672B8BDA}.Debug|Any CPU.Build.0 = Debug|Any CPU
		{EC83FDB9-CD35-4305-9E53-FEF1672B8BDA}.Debug|x64.ActiveCfg = Debug|Any CPU
		{EC83FDB9-CD35-4305-9E53-FEF1672B8BDA}.Debug|x64.Build.0 = Debug|Any CPU
		{EC83FDB9-CD35-4305-9E53-FEF1672B8BDA}.Release|Any CPU.ActiveCfg = Release|Any CPU
		{EC83FDB9-CD35-4305-9E53-FEF1672B8BDA}.Release|Any CPU.Build.0 = Release|Any CPU
		{EC83FDB9-CD35-4305-9E53-FEF1672B8BDA}.Release|x64.ActiveCfg = Release|Any CPU
		{EC83FDB9-CD35-4305-9E53-FEF1672B8BDA}.Release|x64.Build.0 = Release|Any CPU
		{4F44FFF1-DB1D-41FE-A639-3D3854984C41}.Debug|Any CPU.ActiveCfg = Debug|Any CPU
		{4F44FFF1-DB1D-41FE-A639-3D3854984C41}.Debug|Any CPU.Build.0 = Debug|Any CPU
		{4F44FFF1-DB1D-41FE-A639-3D3854984C41}.Debug|x64.ActiveCfg = Debug|Any CPU
		{4F44FFF1-DB1D-41FE-A639-3D3854984C41}.Debug|x64.Build.0 = Debug|Any CPU
		{4F44FFF1-DB1D-41FE-A639-3D3854984C41}.Release|Any CPU.ActiveCfg = Release|Any CPU
		{4F44FFF1-DB1D-41FE-A639-3D3854984C41}.Release|Any CPU.Build.0 = Release|Any CPU
		{4F44FFF1-DB1D-41FE-A639-3D3854984C41}.Release|x64.ActiveCfg = Release|Any CPU
		{4F44FFF1-DB1D-41FE-A639-3D3854984C41}.Release|x64.Build.0 = Release|Any CPU
		{4B25F781-E641-4336-B58D-872C405D6D72}.Debug|Any CPU.ActiveCfg = Debug|Any CPU
		{4B25F781-E641-4336-B58D-872C405D6D72}.Debug|Any CPU.Build.0 = Debug|Any CPU
		{4B25F781-E641-4336-B58D-872C405D6D72}.Debug|x64.ActiveCfg = Debug|Any CPU
		{4B25F781-E641-4336-B58D-872C405D6D72}.Debug|x64.Build.0 = Debug|Any CPU
		{4B25F781-E641-4336-B58D-872C405D6D72}.Release|Any CPU.ActiveCfg = Release|Any CPU
		{4B25F781-E641-4336-B58D-872C405D6D72}.Release|Any CPU.Build.0 = Release|Any CPU
		{4B25F781-E641-4336-B58D-872C405D6D72}.Release|x64.ActiveCfg = Release|Any CPU
		{4B25F781-E641-4336-B58D-872C405D6D72}.Release|x64.Build.0 = Release|Any CPU
		{1F540F3F-5B1B-4A24-83F9-50A38A5B1451}.Debug|Any CPU.ActiveCfg = Debug|Any CPU
		{1F540F3F-5B1B-4A24-83F9-50A38A5B1451}.Debug|Any CPU.Build.0 = Debug|Any CPU
		{1F540F3F-5B1B-4A24-83F9-50A38A5B1451}.Debug|x64.ActiveCfg = Debug|Any CPU
		{1F540F3F-5B1B-4A24-83F9-50A38A5B1451}.Debug|x64.Build.0 = Debug|Any CPU
		{1F540F3F-5B1B-4A24-83F9-50A38A5B1451}.Release|Any CPU.ActiveCfg = Release|Any CPU
		{1F540F3F-5B1B-4A24-83F9-50A38A5B1451}.Release|Any CPU.Build.0 = Release|Any CPU
		{1F540F3F-5B1B-4A24-83F9-50A38A5B1451}.Release|x64.ActiveCfg = Release|Any CPU
		{1F540F3F-5B1B-4A24-83F9-50A38A5B1451}.Release|x64.Build.0 = Release|Any CPU
		{EB02C97F-92E8-438C-AA54-A2C487AF07AD}.Debug|Any CPU.ActiveCfg = Debug|Any CPU
		{EB02C97F-92E8-438C-AA54-A2C487AF07AD}.Debug|Any CPU.Build.0 = Debug|Any CPU
		{EB02C97F-92E8-438C-AA54-A2C487AF07AD}.Debug|x64.ActiveCfg = Debug|Any CPU
		{EB02C97F-92E8-438C-AA54-A2C487AF07AD}.Debug|x64.Build.0 = Debug|Any CPU
		{EB02C97F-92E8-438C-AA54-A2C487AF07AD}.Release|Any CPU.ActiveCfg = Release|Any CPU
		{EB02C97F-92E8-438C-AA54-A2C487AF07AD}.Release|Any CPU.Build.0 = Release|Any CPU
		{EB02C97F-92E8-438C-AA54-A2C487AF07AD}.Release|x64.ActiveCfg = Release|Any CPU
		{EB02C97F-92E8-438C-AA54-A2C487AF07AD}.Release|x64.Build.0 = Release|Any CPU
	EndGlobalSection
	GlobalSection(SolutionProperties) = preSolution
		HideSolutionNode = FALSE
	EndGlobalSection
	GlobalSection(ExtensibilityGlobals) = postSolution
		SolutionGuid = {6E61321F-BBA8-4080-ADF9-B7F16183FA31}
	EndGlobalSection
EndGlobal
