
Microsoft Visual Studio Solution File, Format Version 12.00
# Visual Studio Version 16
VisualStudioVersion = 16.0.29123.88
MinimumVisualStudioVersion = 10.0.40219.1
Project("{FAE04EC0-301F-11D3-BF4B-00C04F79EFBC}") = "Account", "Account\Account.csproj", "{A78CD5DF-1FF9-4A14-A78F-7AED668C98A4}"
EndProject
Project("{FAE04EC0-301F-11D3-BF4B-00C04F79EFBC}") = "BankAccount", "BankAccount\BankAccount.csproj", "{4A462DDE-D798-4818-BB68-2116834B0035}"
EndProject
Project("{FAE04EC0-301F-11D3-BF4B-00C04F79EFBC}") = "EnergyDrinks", "EnergyDrinks\EnergyDrinks.csproj", "{7FCC007C-DD8E-40D3-9080-690E3A5BCACE}"
EndProject
Project("{FAE04EC0-301F-11D3-BF4B-00C04F79EFBC}") = "FuelConsumptionCalculator", "FuelConsumptionCalculator\FuelConsumptionCalculator.csproj", "{8CFA0561-C4D0-4419-AC65-C90E0AF2C6FC}"
EndProject
Project("{FAE04EC0-301F-11D3-BF4B-00C04F79EFBC}") = "VideoStore", "VideoStore\VideoStore.csproj", "{40352489-4287-4C39-879A-55BB1A9ED983}"
EndProject
Project("{FAE04EC0-301F-11D3-BF4B-00C04F79EFBC}") = "Exercise3", "ConsoleApp1\Exercise3.csproj", "{0B739CC0-A8F3-4FA2-AFB9-4592141DEF9E}"
EndProject
Project("{9A19103F-16F7-4668-BE54-9A1E7A4F7556}") = "Exercise1", "Exercise1\Exercise1.csproj", "{667D102B-B41B-412E-B8CC-E926A749B9FD}"
EndProject
Project("{9A19103F-16F7-4668-BE54-9A1E7A4F7556}") = "Exercise4", "Exercise4\Exercise4.csproj", "{AA2677EA-123A-4D50-8C28-12CFA62B86C8}"
EndProject
Project("{9A19103F-16F7-4668-BE54-9A1E7A4F7556}") = "Exercise5", "Exercise5\Exercise5.csproj", "{8112B671-E672-4472-93E9-A6678C0F9B36}"
EndProject
Project("{9A19103F-16F7-4668-BE54-9A1E7A4F7556}") = "Exercise7", "Exercise7\Exercise7.csproj", "{79EAA884-2FC5-4E21-95F7-583A23656981}"
EndProject
Project("{9A19103F-16F7-4668-BE54-9A1E7A4F7556}") = "Exercise8", "Exercise8\Exercise8.csproj", "{C5115C50-CB0C-40A3-9E93-6EDDCFBC7891}"
EndProject
Project("{FAE04EC0-301F-11D3-BF4B-00C04F79EFBC}") = "Exercise9", "Exercise9\Exercise9.csproj", "{25550476-D038-4C74-B418-1380107AFA93}"
EndProject
Global
	GlobalSection(SolutionConfigurationPlatforms) = preSolution
		Debug|Any CPU = Debug|Any CPU
		Release|Any CPU = Release|Any CPU
	EndGlobalSection
	GlobalSection(ProjectConfigurationPlatforms) = postSolution
		{A78CD5DF-1FF9-4A14-A78F-7AED668C98A4}.Debug|Any CPU.ActiveCfg = Debug|Any CPU
		{A78CD5DF-1FF9-4A14-A78F-7AED668C98A4}.Debug|Any CPU.Build.0 = Debug|Any CPU
		{A78CD5DF-1FF9-4A14-A78F-7AED668C98A4}.Release|Any CPU.ActiveCfg = Release|Any CPU
		{A78CD5DF-1FF9-4A14-A78F-7AED668C98A4}.Release|Any CPU.Build.0 = Release|Any CPU
		{4A462DDE-D798-4818-BB68-2116834B0035}.Debug|Any CPU.ActiveCfg = Debug|Any CPU
		{4A462DDE-D798-4818-BB68-2116834B0035}.Debug|Any CPU.Build.0 = Debug|Any CPU
		{4A462DDE-D798-4818-BB68-2116834B0035}.Release|Any CPU.ActiveCfg = Release|Any CPU
		{4A462DDE-D798-4818-BB68-2116834B0035}.Release|Any CPU.Build.0 = Release|Any CPU
		{7FCC007C-DD8E-40D3-9080-690E3A5BCACE}.Debug|Any CPU.ActiveCfg = Debug|Any CPU
		{7FCC007C-DD8E-40D3-9080-690E3A5BCACE}.Debug|Any CPU.Build.0 = Debug|Any CPU
		{7FCC007C-DD8E-40D3-9080-690E3A5BCACE}.Release|Any CPU.ActiveCfg = Release|Any CPU
		{7FCC007C-DD8E-40D3-9080-690E3A5BCACE}.Release|Any CPU.Build.0 = Release|Any CPU
		{8CFA0561-C4D0-4419-AC65-C90E0AF2C6FC}.Debug|Any CPU.ActiveCfg = Debug|Any CPU
		{8CFA0561-C4D0-4419-AC65-C90E0AF2C6FC}.Debug|Any CPU.Build.0 = Debug|Any CPU
		{8CFA0561-C4D0-4419-AC65-C90E0AF2C6FC}.Release|Any CPU.ActiveCfg = Release|Any CPU
		{8CFA0561-C4D0-4419-AC65-C90E0AF2C6FC}.Release|Any CPU.Build.0 = Release|Any CPU
		{40352489-4287-4C39-879A-55BB1A9ED983}.Debug|Any CPU.ActiveCfg = Debug|Any CPU
		{40352489-4287-4C39-879A-55BB1A9ED983}.Debug|Any CPU.Build.0 = Debug|Any CPU
		{40352489-4287-4C39-879A-55BB1A9ED983}.Release|Any CPU.ActiveCfg = Release|Any CPU
		{40352489-4287-4C39-879A-55BB1A9ED983}.Release|Any CPU.Build.0 = Release|Any CPU
		{0B739CC0-A8F3-4FA2-AFB9-4592141DEF9E}.Debug|Any CPU.ActiveCfg = Debug|Any CPU
		{0B739CC0-A8F3-4FA2-AFB9-4592141DEF9E}.Debug|Any CPU.Build.0 = Debug|Any CPU
		{0B739CC0-A8F3-4FA2-AFB9-4592141DEF9E}.Release|Any CPU.ActiveCfg = Release|Any CPU
		{0B739CC0-A8F3-4FA2-AFB9-4592141DEF9E}.Release|Any CPU.Build.0 = Release|Any CPU
		{667D102B-B41B-412E-B8CC-E926A749B9FD}.Debug|Any CPU.ActiveCfg = Debug|Any CPU
		{667D102B-B41B-412E-B8CC-E926A749B9FD}.Debug|Any CPU.Build.0 = Debug|Any CPU
		{667D102B-B41B-412E-B8CC-E926A749B9FD}.Release|Any CPU.ActiveCfg = Release|Any CPU
		{667D102B-B41B-412E-B8CC-E926A749B9FD}.Release|Any CPU.Build.0 = Release|Any CPU
		{AA2677EA-123A-4D50-8C28-12CFA62B86C8}.Debug|Any CPU.ActiveCfg = Debug|Any CPU
		{AA2677EA-123A-4D50-8C28-12CFA62B86C8}.Debug|Any CPU.Build.0 = Debug|Any CPU
		{AA2677EA-123A-4D50-8C28-12CFA62B86C8}.Release|Any CPU.ActiveCfg = Release|Any CPU
		{AA2677EA-123A-4D50-8C28-12CFA62B86C8}.Release|Any CPU.Build.0 = Release|Any CPU
		{8112B671-E672-4472-93E9-A6678C0F9B36}.Debug|Any CPU.ActiveCfg = Debug|Any CPU
		{8112B671-E672-4472-93E9-A6678C0F9B36}.Debug|Any CPU.Build.0 = Debug|Any CPU
		{8112B671-E672-4472-93E9-A6678C0F9B36}.Release|Any CPU.ActiveCfg = Release|Any CPU
		{8112B671-E672-4472-93E9-A6678C0F9B36}.Release|Any CPU.Build.0 = Release|Any CPU
		{79EAA884-2FC5-4E21-95F7-583A23656981}.Debug|Any CPU.ActiveCfg = Debug|Any CPU
		{79EAA884-2FC5-4E21-95F7-583A23656981}.Debug|Any CPU.Build.0 = Debug|Any CPU
		{79EAA884-2FC5-4E21-95F7-583A23656981}.Release|Any CPU.ActiveCfg = Release|Any CPU
		{79EAA884-2FC5-4E21-95F7-583A23656981}.Release|Any CPU.Build.0 = Release|Any CPU
		{C5115C50-CB0C-40A3-9E93-6EDDCFBC7891}.Debug|Any CPU.ActiveCfg = Debug|Any CPU
		{C5115C50-CB0C-40A3-9E93-6EDDCFBC7891}.Debug|Any CPU.Build.0 = Debug|Any CPU
		{C5115C50-CB0C-40A3-9E93-6EDDCFBC7891}.Release|Any CPU.ActiveCfg = Release|Any CPU
		{C5115C50-CB0C-40A3-9E93-6EDDCFBC7891}.Release|Any CPU.Build.0 = Release|Any CPU
		{25550476-D038-4C74-B418-1380107AFA93}.Debug|Any CPU.ActiveCfg = Debug|Any CPU
		{25550476-D038-4C74-B418-1380107AFA93}.Debug|Any CPU.Build.0 = Debug|Any CPU
		{25550476-D038-4C74-B418-1380107AFA93}.Release|Any CPU.ActiveCfg = Release|Any CPU
		{25550476-D038-4C74-B418-1380107AFA93}.Release|Any CPU.Build.0 = Release|Any CPU
	EndGlobalSection
	GlobalSection(SolutionProperties) = preSolution
		HideSolutionNode = FALSE
	EndGlobalSection
	GlobalSection(ExtensibilityGlobals) = postSolution
		SolutionGuid = {57C5E787-AAEA-41CC-BD12-4A66023D0568}
	EndGlobalSection
EndGlobal
